{
  "name": "case",
  "version": "1.0.0",
  "lockfileVersion": 3,
  "requires": true,
  "packages": {
    "": {
      "name": "case",
      "version": "1.0.0",
      "dependencies": {
        "@manifest-yml/types": "latest"
      }
    },
    "node_modules/@manifest-yml/types": {
      "version": "0.0.1",
      "resolved": "https://registry.npmjs.org/@manifest-yml/types/-/types-0.0.1.tgz",
      "integrity": "sha512-b5H9Aq2G7gc5Efw8ug0QgGsICEo1K49IMC5j+eHCL1vEi1NgjLt/U0sMtxZe81VxeK4vaJ6c9dmesl1+ajb8Ew=="
    }
  }
}
